// !$*UTF8*$!
{
	archiveVersion = 1;
	classes = {
	};
	objectVersion = 90;
	objects = {

/* Begin PBXBuildFile section */
		0C0000000000000200000002 /* ACPKit in Frameworks */ = {isa = PBXBuildFile; productRef = 0C0000000000000200000001 /* ACPKit */; };
		0C0000000000000200000004 /* CodevisorTheming in Frameworks */ = {isa = PBXBuildFile; productRef = 0C0000000000000200000003 /* CodevisorTheming */; };
		0C0000000000000200000006 /* CodevisorCore in Frameworks */ = {isa = PBXBuildFile; productRef = 0C0000000000000200000005 /* CodevisorCore */; };
		0C0000000000000200000008 /* CodevisorUI in Frameworks */ = {isa = PBXBuildFile; productRef = 0C0000000000000200000007 /* CodevisorUI */; };
		0C0000000000000200000010 /* SwiftTerm in Frameworks */ = {isa = PBXBuildFile; productRef = 0C0000000000000200000009 /* SwiftTerm */; };
/* End PBXBuildFile section */

/* Begin PBXContainerItemProxy section */
		0D0000000000000000000008 /* PBXContainerItemProxy */ = {
			isa = PBXContainerItemProxy;
			containerPortal = 0C0000000000000000000000 /* Project object */;
			proxyType = 1;
			remoteGlobalIDString = 0C0000000000000100000000;
			remoteInfo = Codevisor;
		};
/* End PBXContainerItemProxy section */

/* Begin PBXFileReference section */
		0C0000000000000000000120 /* Codevisor.app */ = {isa = PBXFileReference; explicitFileType = wrapper.application; includeInIndex = 0; path = Codevisor.app; sourceTree = BUILT_PRODUCTS_DIR; };
		0D0000000000000000000001 /* NavigationTests.xctest */ = {isa = PBXFileReference; explicitFileType = wrapper.cfbundle; path = NavigationTests.xctest; sourceTree = BUILT_PRODUCTS_DIR; };
/* End PBXFileReference section */

/* Begin PBXFileSystemSynchronizedBuildFileExceptionSet section */
		FCCE981C3016C9D20044CC51 /* Exceptions for "Codevisor" folder in "Codevisor" target */ = {
			isa = PBXFileSystemSynchronizedBuildFileExceptionSet;
			membershipExceptions = (
				Info.plist,
			);
			target = 0C0000000000000100000000 /* Codevisor */;
		};
/* End PBXFileSystemSynchronizedBuildFileExceptionSet section */

/* Begin PBXFileSystemSynchronizedRootGroup section */
		0C0000000000000000000010 /* Codevisor */ = {
			isa = PBXFileSystemSynchronizedRootGroup;
			exceptions = (
				FCCE981C3016C9D20044CC51 /* Exceptions for "Codevisor" folder in "Codevisor" target */,
			);
			path = Codevisor;
			sourceTree = "<group>";
		};
		5C0000000000000000000001 /* ../shared/Screenshots */ = {
			isa = PBXFileSystemSynchronizedRootGroup;
			path = ../shared/Screenshots;
			sourceTree = "<group>";
		};
		5C0000000000000000000002 /* ../shared/ScreenshotTests */ = {
			isa = PBXFileSystemSynchronizedRootGroup;
			path = ../shared/ScreenshotTests;
			sourceTree = "<group>";
		};
/* End PBXFileSystemSynchronizedRootGroup section */

/* Begin PBXFrameworksBuildPhase section */
		0C0000000000000130000000 /* Frameworks */ = {
			isa = PBXFrameworksBuildPhase;
			files = (
				0C0000000000000200000002 /* ACPKit in Frameworks */,
				0C0000000000000200000004 /* CodevisorTheming in Frameworks */,
				0C0000000000000200000006 /* CodevisorCore in Frameworks */,
				0C0000000000000200000008 /* CodevisorUI in Frameworks */,
				0C0000000000000200000010 /* SwiftTerm in Frameworks */,
			);
		};
		0D0000000000000000000006 /* Frameworks */ = {
			isa = PBXFrameworksBuildPhase;
			files = (
			);
		};
/* End PBXFrameworksBuildPhase section */

/* Begin PBXGroup section */
		0C0000000000000000000001 = {
			isa = PBXGroup;
			children = (
				5C0000000000000000000001 /* ../shared/Screenshots */,
				5C0000000000000000000002 /* ../shared/ScreenshotTests */,
				0C0000000000000000000010 /* Codevisor */,
				0C0000000000000000000020 /* Products */,
			);
			sourceTree = "<group>";
		};
		0C0000000000000000000020 /* Products */ = {
			isa = PBXGroup;
			children = (
				0C0000000000000000000120 /* Codevisor.app */,
				0D0000000000000000000001 /* NavigationTests.xctest */,
			);
			name = Products;
			sourceTree = "<group>";
		};
/* End PBXGroup section */

/* Begin PBXNativeTarget section */
		0C0000000000000100000000 /* Codevisor */ = {
			isa = PBXNativeTarget;
			buildConfigurationList = 0C0000000000000110000000 /* Build configuration list for PBXNativeTarget "Codevisor" */;
			buildPhases = (
				0C0000000000000120000000 /* Sources */,
				0C0000000000000130000000 /* Frameworks */,
				0C0000000000000140000000 /* Resources */,
			);
			buildRules = (
			);
			fileSystemSynchronizedGroups = (
				0C0000000000000000000010 /* Codevisor */,
				5C0000000000000000000001 /* ../shared/Screenshots */,
			);
			name = Codevisor;
			packageProductDependencies = (
				0C0000000000000200000001 /* ACPKit */,
				0C0000000000000200000003 /* CodevisorTheming */,
				0C0000000000000200000005 /* CodevisorCore */,
				0C0000000000000200000007 /* CodevisorUI */,
				0C0000000000000200000009 /* SwiftTerm */,
			);
			productName = Codevisor;
			productReference = 0C0000000000000000000120 /* Codevisor.app */;
			productType = "com.apple.product-type.application";
		};
		0D0000000000000000000003 /* NavigationTests */ = {
			isa = PBXNativeTarget;
			buildConfigurationList = 0D0000000000000000000004 /* Build configuration list for PBXNativeTarget "NavigationTests" */;
			buildPhases = (
				0D0000000000000000000005 /* Sources */,
				0D0000000000000000000006 /* Frameworks */,
			);
			buildRules = (
			);
			dependencies = (
				0D0000000000000000000007 /* PBXTargetDependency */,
			);
			fileSystemSynchronizedGroups = (
				5C0000000000000000000002 /* ../shared/ScreenshotTests */,
			);
			name = NavigationTests;
			productName = NavigationTests;
			productReference = 0D0000000000000000000001 /* NavigationTests.xctest */;
			productType = "com.apple.product-type.bundle.ui-testing";
		};
/* End PBXNativeTarget section */

/* Begin PBXProject section */
		0C0000000000000000000000 /* Project object */ = {
			isa = PBXProject;
			attributes = {
				BuildIndependentTargetsInParallel = 1;
				LastUpgradeCheck = 2700;
				TargetAttributes = {
					0C0000000000000100000000 = {
						CreatedOnToolsVersion = 27.0;
					};
				};
			};
			buildConfigurationList = 0C0000000000000010000000 /* Build configuration list for PBXProject "Codevisor" */;
			developmentRegion = en;
			hasScannedForEncodings = 0;
			knownRegions = (
				en,
				Base,
			);
			mainGroup = 0C0000000000000000000001;
			minimizedProjectReferenceProxies = 1;
			packageReferences = (
				0C0000000000000200000000 /* XCLocalSwiftPackageReference "../../packages/swift" */,
				0C0000000000000200000011 /* XCRemoteSwiftPackageReference "SwiftTerm" */,
			);
			preferredProjectObjectVersion = 90;
			productRefGroup = 0C0000000000000000000020 /* Products */;
			projectDirPath = "";
			projectRoot = "";
			targets = (
				0C0000000000000100000000 /* Codevisor */,
				0D0000000000000000000003 /* NavigationTests */,
			);
		};
/* End PBXProject section */

/* Begin PBXResourcesBuildPhase section */
		0C0000000000000140000000 /* Resources */ = {
			isa = PBXResourcesBuildPhase;
			files = (
			);
		};
/* End PBXResourcesBuildPhase section */

/* Begin PBXSourcesBuildPhase section */
		0C0000000000000120000000 /* Sources */ = {
			isa = PBXSourcesBuildPhase;
			files = (
			);
		};
		0D0000000000000000000005 /* Sources */ = {
			isa = PBXSourcesBuildPhase;
			files = (
			);
		};
/* End PBXSourcesBuildPhase section */

/* Begin PBXTargetDependency section */
		0D0000000000000000000007 /* PBXTargetDependency */ = {
			isa = PBXTargetDependency;
			target = 0C0000000000000100000000 /* Codevisor */;
			targetProxy = 0D0000000000000000000008 /* PBXContainerItemProxy */;
		};
/* End PBXTargetDependency section */

/* Begin XCBuildConfiguration section */
		0C0000000000000011000000 /* Debug configuration for PBXProject "Codevisor" */ = {
			isa = XCBuildConfiguration;
			buildSettings = {
				ALWAYS_SEARCH_USER_PATHS = NO;
				ASSETCATALOG_COMPILER_GENERATE_SWIFT_ASSET_SYMBOL_EXTENSIONS = YES;
				CLANG_ANALYZER_NONNULL = YES;
				CLANG_ANALYZER_NUMBER_OBJECT_CONVERSION = YES_AGGRESSIVE;
				CLANG_CXX_LANGUAGE_STANDARD = "gnu++20";
				CLANG_ENABLE_MODULES = YES;
				CLANG_ENABLE_OBJC_ARC = YES;
				CLANG_ENABLE_OBJC_WEAK = YES;
				CLANG_WARN_BLOCK_CAPTURE_AUTORELEASING = YES;
				CLANG_WARN_BOOL_CONVERSION = YES;
				CLANG_WARN_COMMA = YES;
				CLANG_WARN_CONSTANT_CONVERSION = YES;
				CLANG_WARN_DEPRECATED_OBJC_IMPLEMENTATIONS = YES;
				CLANG_WARN_DIRECT_OBJC_ISA_USAGE = YES_ERROR;
				CLANG_WARN_DOCUMENTATION_COMMENTS = YES;
				CLANG_WARN_EMPTY_BODY = YES;
				CLANG_WARN_ENUM_CONVERSION = YES;
				CLANG_WARN_INFINITE_RECURSION = YES;
				CLANG_WARN_INT_CONVERSION = YES;
				CLANG_WARN_NON_LITERAL_NULL_CONVERSION = YES;
				CLANG_WARN_OBJC_IMPLICIT_RETAIN_SELF = YES;
				CLANG_WARN_OBJC_LITERAL_CONVERSION = YES;
				CLANG_WARN_OBJC_ROOT_CLASS = YES_ERROR;
				CLANG_WARN_QUOTED_INCLUDE_IN_FRAMEWORK_HEADER = YES;
				CLANG_WARN_RANGE_LOOP_ANALYSIS = YES;
				CLANG_WARN_STRICT_PROTOTYPES = YES;
				CLANG_WARN_SUSPICIOUS_MOVE = YES;
				CLANG_WARN_UNGUARDED_AVAILABILITY = YES_AGGRESSIVE;
				CLANG_WARN_UNREACHABLE_CODE = YES;
				CLANG_WARN__DUPLICATE_METHOD_MATCH = YES;
				COPY_PHASE_STRIP = NO;
				DEAD_CODE_STRIPPING = YES;
				DEBUG_INFORMATION_FORMAT = dwarf;
				ENABLE_STRICT_OBJC_MSGSEND = YES;
				ENABLE_TESTABILITY = YES;
				ENABLE_USER_SCRIPT_SANDBOXING = YES;
				GCC_C_LANGUAGE_STANDARD = gnu17;
				GCC_DYNAMIC_NO_PIC = NO;
				GCC_NO_COMMON_BLOCKS = YES;
				GCC_OPTIMIZATION_LEVEL = 0;
				GCC_PREPROCESSOR_DEFINITIONS = (
					"DEBUG=1",
					"$(inherited)",
				);
				GCC_WARN_64_TO_32_BIT_CONVERSION = YES;
				GCC_WARN_ABOUT_RETURN_TYPE = YES_ERROR;
				GCC_WARN_UNDECLARED_SELECTOR = YES;
				GCC_WARN_UNINITIALIZED_AUTOS = YES_AGGRESSIVE;
				GCC_WARN_UNUSED_FUNCTION = YES;
				GCC_WARN_UNUSED_VARIABLE = YES;
				IPHONEOS_DEPLOYMENT_TARGET = 26.0;
				LOCALIZATION_PREFERS_STRING_CATALOGS = YES;
				MTL_ENABLE_DEBUG_INFO = INCLUDE_SOURCE;
				MTL_FAST_MATH = YES;
				ONLY_ACTIVE_ARCH = YES;
				STRING_CATALOG_GENERATE_SYMBOLS = YES;
				SWIFT_ACTIVE_COMPILATION_CONDITIONS = "DEBUG $(inherited)";
				SWIFT_OPTIMIZATION_LEVEL = "-Onone";
			};
			name = Debug;
		};
		0C0000000000000012000000 /* Release configuration for PBXProject "Codevisor" */ = {
			isa = XCBuildConfiguration;
			buildSettings = {
				ALWAYS_SEARCH_USER_PATHS = NO;
				ASSETCATALOG_COMPILER_GENERATE_SWIFT_ASSET_SYMBOL_EXTENSIONS = YES;
				CLANG_ANALYZER_NONNULL = YES;
				CLANG_ANALYZER_NUMBER_OBJECT_CONVERSION = YES_AGGRESSIVE;
				CLANG_CXX_LANGUAGE_STANDARD = "gnu++20";
				CLANG_ENABLE_MODULES = YES;
				CLANG_ENABLE_OBJC_ARC = YES;
				CLANG_ENABLE_OBJC_WEAK = YES;
				CLANG_WARN_BLOCK_CAPTURE_AUTORELEASING = YES;
				CLANG_WARN_BOOL_CONVERSION = YES;
				CLANG_WARN_COMMA = YES;
				CLANG_WARN_CONSTANT_CONVERSION = YES;
				CLANG_WARN_DEPRECATED_OBJC_IMPLEMENTATIONS = YES;
				CLANG_WARN_DIRECT_OBJC_ISA_USAGE = YES_ERROR;
				CLANG_WARN_DOCUMENTATION_COMMENTS = YES;
				CLANG_WARN_EMPTY_BODY = YES;
				CLANG_WARN_ENUM_CONVERSION = YES;
				CLANG_WARN_INFINITE_RECURSION = YES;
				CLANG_WARN_INT_CONVERSION = YES;
				CLANG_WARN_NON_LITERAL_NULL_CONVERSION = YES;
				CLANG_WARN_OBJC_IMPLICIT_RETAIN_SELF = YES;
				CLANG_WARN_OBJC_LITERAL_CONVERSION = YES;
				CLANG_WARN_OBJC_ROOT_CLASS = YES_ERROR;
				CLANG_WARN_QUOTED_INCLUDE_IN_FRAMEWORK_HEADER = YES;
				CLANG_WARN_RANGE_LOOP_ANALYSIS = YES;
				CLANG_WARN_STRICT_PROTOTYPES = YES;
				CLANG_WARN_SUSPICIOUS_MOVE = YES;
				CLANG_WARN_UNGUARDED_AVAILABILITY = YES_AGGRESSIVE;
				CLANG_WARN_UNREACHABLE_CODE = YES;
				CLANG_WARN__DUPLICATE_METHOD_MATCH = YES;
				COPY_PHASE_STRIP = NO;
				DEAD_CODE_STRIPPING = YES;
				DEBUG_INFORMATION_FORMAT = "dwarf-with-dsym";
				ENABLE_NS_ASSERTIONS = NO;
				ENABLE_STRICT_OBJC_MSGSEND = YES;
				ENABLE_USER_SCRIPT_SANDBOXING = YES;
				GCC_C_LANGUAGE_STANDARD = gnu17;
				GCC_NO_COMMON_BLOCKS = YES;
				GCC_WARN_64_TO_32_BIT_CONVERSION = YES;
				GCC_WARN_ABOUT_RETURN_TYPE = YES_ERROR;
				GCC_WARN_UNDECLARED_SELECTOR = YES;
				GCC_WARN_UNINITIALIZED_AUTOS = YES_AGGRESSIVE;
				GCC_WARN_UNUSED_FUNCTION = YES;
				GCC_WARN_UNUSED_VARIABLE = YES;
				IPHONEOS_DEPLOYMENT_TARGET = 26.0;
				LOCALIZATION_PREFERS_STRING_CATALOGS = YES;
				MTL_ENABLE_DEBUG_INFO = NO;
				MTL_FAST_MATH = YES;
				STRING_CATALOG_GENERATE_SYMBOLS = YES;
				SWIFT_COMPILATION_MODE = wholemodule;
			};
			name = Release;
		};
		0C0000000000000111000000 /* Debug configuration for PBXNativeTarget "Codevisor" */ = {
			isa = XCBuildConfiguration;
			buildSettings = {
				ASSETCATALOG_COMPILER_APPICON_NAME = "$(CODEVISOR_APP_ICON_NAME)";
				CODEVISOR_APP_ICON_NAME = AppIcon;
				CODEVISOR_IOS_BUNDLE_IDENTIFIER = com.dylanplayer.codevisor.ios;
				CODEVISOR_URL_SCHEME = "codevisor-dev";
				CODE_SIGN_ENTITLEMENTS = Codevisor/Codevisor.entitlements;
				CODE_SIGN_STYLE = Automatic;
				CURRENT_PROJECT_VERSION = 1;
				ENABLE_PREVIEWS = YES;
				GENERATE_INFOPLIST_FILE = YES;
				INFOPLIST_FILE = Codevisor/Info.plist;
				INFOPLIST_KEY_CFBundleDisplayName = "Codevisor Dev";
				INFOPLIST_KEY_CFBundleIconName = "$(CODEVISOR_APP_ICON_NAME)";
				INFOPLIST_KEY_NSCameraUsageDescription = "Take a photo to attach to a chat with your agent.";
				INFOPLIST_KEY_UIApplicationSceneManifest_Generation = YES;
				INFOPLIST_KEY_UIApplicationSupportsIndirectInputEvents = YES;
				INFOPLIST_KEY_UILaunchScreen_Generation = YES;
				INFOPLIST_KEY_UISupportedInterfaceOrientations_iPad = "UIInterfaceOrientationPortrait UIInterfaceOrientationPortraitUpsideDown UIInterfaceOrientationLandscapeLeft UIInterfaceOrientationLandscapeRight";
				INFOPLIST_KEY_UISupportedInterfaceOrientations_iPhone = "UIInterfaceOrientationPortrait UIInterfaceOrientationLandscapeLeft UIInterfaceOrientationLandscapeRight";
				IPHONEOS_DEPLOYMENT_TARGET = 26.0;
				LD_RUNPATH_SEARCH_PATHS = "@executable_path/Frameworks";
				MARKETING_VERSION = 1.0;
				PRODUCT_BUNDLE_IDENTIFIER = "$(CODEVISOR_IOS_BUNDLE_IDENTIFIER)";
				PRODUCT_NAME = "$(TARGET_NAME)";
				SDKROOT = iphoneos;
				STRING_CATALOG_GENERATE_SYMBOLS = YES;
				SUPPORTED_PLATFORMS = "iphoneos iphonesimulator";
				SWIFT_APPROACHABLE_CONCURRENCY = YES;
				SWIFT_DEFAULT_ACTOR_ISOLATION = MainActor;
				SWIFT_EMIT_LOC_STRINGS = YES;
				SWIFT_UPCOMING_FEATURE_MEMBER_IMPORT_VISIBILITY = YES;
				SWIFT_VERSION = 5.0;
				TARGETED_DEVICE_FAMILY = "1,2";
			};
			name = Debug;
		};
		0C0000000000000112000000 /* Release configuration for PBXNativeTarget "Codevisor" */ = {
			isa = XCBuildConfiguration;
			buildSettings = {
				ASSETCATALOG_COMPILER_APPICON_NAME = AppIcon;
				CODEVISOR_URL_SCHEME = codevisor;
				CODE_SIGN_ENTITLEMENTS = Codevisor/Codevisor.entitlements;
				CODE_SIGN_STYLE = Automatic;
				CURRENT_PROJECT_VERSION = 1;
				ENABLE_PREVIEWS = YES;
				GENERATE_INFOPLIST_FILE = YES;
				INFOPLIST_FILE = Codevisor/Info.plist;
				INFOPLIST_KEY_CFBundleDisplayName = Codevisor;
				INFOPLIST_KEY_NSCameraUsageDescription = "Take a photo to attach to a chat with your agent.";
				INFOPLIST_KEY_UIApplicationSceneManifest_Generation = YES;
				INFOPLIST_KEY_UIApplicationSupportsIndirectInputEvents = YES;
				INFOPLIST_KEY_UILaunchScreen_Generation = YES;
				INFOPLIST_KEY_UISupportedInterfaceOrientations_iPad = "UIInterfaceOrientationPortrait UIInterfaceOrientationPortraitUpsideDown UIInterfaceOrientationLandscapeLeft UIInterfaceOrientationLandscapeRight";
				INFOPLIST_KEY_UISupportedInterfaceOrientations_iPhone = "UIInterfaceOrientationPortrait UIInterfaceOrientationLandscapeLeft UIInterfaceOrientationLandscapeRight";
				IPHONEOS_DEPLOYMENT_TARGET = 26.0;
				LD_RUNPATH_SEARCH_PATHS = "@executable_path/Frameworks";
				MARKETING_VERSION = 1.0;
				PRODUCT_BUNDLE_IDENTIFIER = com.dylanplayer.codevisor.ios;
				PRODUCT_NAME = "$(TARGET_NAME)";
				SDKROOT = iphoneos;
				STRING_CATALOG_GENERATE_SYMBOLS = YES;
				SUPPORTED_PLATFORMS = "iphoneos iphonesimulator";
				SWIFT_APPROACHABLE_CONCURRENCY = YES;
				SWIFT_DEFAULT_ACTOR_ISOLATION = MainActor;
				SWIFT_EMIT_LOC_STRINGS = YES;
				SWIFT_UPCOMING_FEATURE_MEMBER_IMPORT_VISIBILITY = YES;
				SWIFT_VERSION = 5.0;
				TARGETED_DEVICE_FAMILY = "1,2";
			};
			name = Release;
		};
		0D0000000000000000000009 /* Debug configuration for PBXNativeTarget "NavigationTests" */ = {
			isa = XCBuildConfiguration;
			buildSettings = {
				CODEVISOR_IOS_BUNDLE_IDENTIFIER = com.dylanplayer.codevisor.ios;
				CODE_SIGN_STYLE = Automatic;
				GENERATE_INFOPLIST_FILE = YES;
				IPHONEOS_DEPLOYMENT_TARGET = 26.0;
				PRODUCT_BUNDLE_IDENTIFIER = "$(CODEVISOR_IOS_BUNDLE_IDENTIFIER).navigation-tests";
				PRODUCT_NAME = "$(TARGET_NAME)";
				SDKROOT = iphoneos;
				SUPPORTED_PLATFORMS = "iphoneos iphonesimulator";
				SWIFT_VERSION = 6.0;
				TARGETED_DEVICE_FAMILY = "1,2";
				TEST_TARGET_NAME = Codevisor;
			};
			name = Debug;
		};
		0D0000000000000000000010 /* Release configuration for PBXNativeTarget "NavigationTests" */ = {
			isa = XCBuildConfiguration;
			buildSettings = {
				CODEVISOR_IOS_BUNDLE_IDENTIFIER = com.dylanplayer.codevisor.ios;
				CODE_SIGN_STYLE = Automatic;
				GENERATE_INFOPLIST_FILE = YES;
				IPHONEOS_DEPLOYMENT_TARGET = 26.0;
				PRODUCT_BUNDLE_IDENTIFIER = "$(CODEVISOR_IOS_BUNDLE_IDENTIFIER).navigation-tests";
				PRODUCT_NAME = "$(TARGET_NAME)";
				SDKROOT = iphoneos;
				SUPPORTED_PLATFORMS = "iphoneos iphonesimulator";
				SWIFT_VERSION = 6.0;
				TARGETED_DEVICE_FAMILY = "1,2";
				TEST_TARGET_NAME = Codevisor;
			};
			name = Release;
		};
/* End XCBuildConfiguration section */

/* Begin XCConfigurationList section */
		0C0000000000000010000000 /* Build configuration list for PBXProject "Codevisor" */ = {
			isa = XCConfigurationList;
			buildConfigurations = (
				0C0000000000000011000000 /* Debug configuration for PBXProject "Codevisor" */,
				0C0000000000000012000000 /* Release configuration for PBXProject "Codevisor" */,
			);
			defaultConfigurationName = Release;
		};
		0C0000000000000110000000 /* Build configuration list for PBXNativeTarget "Codevisor" */ = {
			isa = XCConfigurationList;
			buildConfigurations = (
				0C0000000000000111000000 /* Debug configuration for PBXNativeTarget "Codevisor" */,
				0C0000000000000112000000 /* Release configuration for PBXNativeTarget "Codevisor" */,
			);
			defaultConfigurationName = Release;
		};
		0D0000000000000000000004 /* Build configuration list for PBXNativeTarget "NavigationTests" */ = {
			isa = XCConfigurationList;
			buildConfigurations = (
				0D0000000000000000000009 /* Debug configuration for PBXNativeTarget "NavigationTests" */,
				0D0000000000000000000010 /* Release configuration for PBXNativeTarget "NavigationTests" */,
			);
			defaultConfigurationName = Release;
		};
/* End XCConfigurationList section */

/* Begin XCLocalSwiftPackageReference section */
		0C0000000000000200000000 /* XCLocalSwiftPackageReference "../../packages/swift" */ = {
			isa = XCLocalSwiftPackageReference;
			relativePath = ../../packages/swift;
		};
/* End XCLocalSwiftPackageReference section */

/* Begin XCRemoteSwiftPackageReference section */
		0C0000000000000200000011 /* XCRemoteSwiftPackageReference "SwiftTerm" */ = {
			isa = XCRemoteSwiftPackageReference;
			repositoryURL = "https://github.com/migueldeicaza/SwiftTerm.git";
			requirement = {
				kind = upToNextMajorVersion;
				minimumVersion = 1.2.0;
			};
		};
/* End XCRemoteSwiftPackageReference section */

/* Begin XCSwiftPackageProductDependency section */
		0C0000000000000200000001 /* ACPKit */ = {
			isa = XCSwiftPackageProductDependency;
			package = 0C0000000000000200000000 /* XCLocalSwiftPackageReference "../../packages/swift" */;
			productName = ACPKit;
		};
		0C0000000000000200000003 /* CodevisorTheming */ = {
			isa = XCSwiftPackageProductDependency;
			package = 0C0000000000000200000000 /* XCLocalSwiftPackageReference "../../packages/swift" */;
			productName = CodevisorTheming;
		};
		0C0000000000000200000005 /* CodevisorCore */ = {
			isa = XCSwiftPackageProductDependency;
			package = 0C0000000000000200000000 /* XCLocalSwiftPackageReference "../../packages/swift" */;
			productName = CodevisorCore;
		};
		0C0000000000000200000007 /* CodevisorUI */ = {
			isa = XCSwiftPackageProductDependency;
			package = 0C0000000000000200000000 /* XCLocalSwiftPackageReference "../../packages/swift" */;
			productName = CodevisorUI;
		};
		0C0000000000000200000009 /* SwiftTerm */ = {
			isa = XCSwiftPackageProductDependency;
			package = 0C0000000000000200000011 /* XCRemoteSwiftPackageReference "SwiftTerm" */;
			productName = SwiftTerm;
		};
/* End XCSwiftPackageProductDependency section */
	};
	rootObject = 0C0000000000000000000000 /* Project object */;
}
