// !$*UTF8*$!
{
	archiveVersion = 1;
	classes = {
	};
	objectVersion = 90;
	objects = {

/* Begin PBXBuildFile section */
		4A5350550000000000000001 /* Sparkle in Frameworks */ = {isa = PBXBuildFile; productRef = 4A5350550000000000000003 /* Sparkle */; };
		FC8A03212FF3634D00689171 /* ACPKit in Frameworks */ = {isa = PBXBuildFile; productRef = FC8A03202FF3634D00689171 /* ACPKit */; };
		FC8A03232FF3634D00689171 /* StreamMarkdown in Frameworks */ = {isa = PBXBuildFile; productRef = FC8A03222FF3634D00689171 /* StreamMarkdown */; };
		FCE74E8D2FF368F000B42227 /* CodevisorCore in Frameworks */ = {isa = PBXBuildFile; productRef = FCE74E8C2FF368F000B42227 /* CodevisorCore */; };
		FCE74E922FF368F000B42227 /* CodevisorCoreMac in Frameworks */ = {isa = PBXBuildFile; productRef = FCE74E932FF368F000B42227 /* CodevisorCoreMac */; };
		FCE74E942FF368F000B42227 /* CodevisorUI in Frameworks */ = {isa = PBXBuildFile; productRef = FCE74E952FF368F000B42227 /* CodevisorUI */; };
		FCE74E8E2FF368F000B42227 /* CodevisorTheming in Frameworks */ = {isa = PBXBuildFile; productRef = FCE74E8F2FF368F000B42227 /* CodevisorTheming */; };
		FCE74E902FF368F000B42227 /* CodeHighlighter in Frameworks */ = {isa = PBXBuildFile; productRef = FCE74E912FF368F000B42227 /* CodeHighlighter */; };
		FCE74E962FF368F000B42227 /* Autocomplete in Frameworks */ = {isa = PBXBuildFile; productRef = FCE74E972FF368F000B42227 /* Autocomplete */; };
/* End PBXBuildFile section */

/* Begin PBXTargetDependency section */
		5D0000000000000000000007 /* PBXTargetDependency */ = {
			isa = PBXTargetDependency;
			target = 000000000000000100000000 /* Codevisor */;
			targetProxy = 5D0000000000000000000008 /* PBXContainerItemProxy */;
		};
/* End PBXTargetDependency section */

/* Begin PBXContainerItemProxy section */
		5D0000000000000000000008 /* PBXContainerItemProxy */ = {
			isa = PBXContainerItemProxy;
			containerPortal = 000000000000000000000000 /* Project object */;
			proxyType = 1;
			remoteGlobalIDString = 000000000000000100000000;
			remoteInfo = Codevisor;
		};
/* End PBXContainerItemProxy section */

/* Begin PBXFileReference section */
		000000000000000000000120 /* Codevisor.app */ = {isa = PBXFileReference; explicitFileType = wrapper.application; includeInIndex = 0; path = Codevisor.app; sourceTree = BUILT_PRODUCTS_DIR; };
		5D0000000000000000000001 /* ScreenshotTests.xctest */ = {isa = PBXFileReference; explicitFileType = wrapper.cfbundle; path = ScreenshotTests.xctest; sourceTree = BUILT_PRODUCTS_DIR; };
/* End PBXFileReference section */

/* Begin PBXFileSystemSynchronizedBuildFileExceptionSet section */
		CEF000000000000000000003 /* Exceptions for disabled Chromium sources */ = {
			isa = PBXFileSystemSynchronizedBuildFileExceptionSet;
			membershipExceptions = (
				"Chromium/ChromiumAutomationBridge.swift",
				"Chromium/ChromiumBridge.h",
				"Chromium/ChromiumBridge.mm",
				"Chromium/ChromiumBrowserModel.swift",
				"Chromium/ChromiumBrowserPaneView.swift",
				"Chromium/ChromiumBrowserToolbar.swift",
				"Chromium/ChromiumBrowserWindow.swift",
				"Chromium/ChromiumBrowserZoomControls.swift",
				"Chromium/ChromiumBrowserZoomPopover.swift",
				"Chromium/ChromiumFavicon.h",
				"Chromium/ChromiumFavicon.mm",
				"Chromium/ChromiumProfiles.swift",
				"Chromium/ChromiumToolbarHost.swift",
				"Chromium/ChromiumViewport.swift",
				"Codevisor-Bridging-Header.h",
			);
			target = 000000000000000100000000 /* Codevisor */;
		};
		CEF000000000000000000004 /* LaunchAgent installed by build phase */ = {
			isa = PBXFileSystemSynchronizedBuildFileExceptionSet;
			membershipExceptions = (
				"LaunchAgents/com.851labs.Codevisor.ServerAgent.plist",
			);
			target = 000000000000000100000000 /* Codevisor */;
		};
/* End PBXFileSystemSynchronizedBuildFileExceptionSet section */

/* Begin PBXFileSystemSynchronizedRootGroup section */
		000000000000000000000010 /* Codevisor */ = {
			isa = PBXFileSystemSynchronizedRootGroup;
			exceptions = (
				CEF000000000000000000003 /* Exceptions for disabled Chromium sources */,
				CEF000000000000000000004 /* LaunchAgent installed by build phase */,
			);
			path = Codevisor;
			sourceTree = "<group>";
		};
		5C0000000000000000000001 /* Screenshot fixtures */ = {
			isa = PBXFileSystemSynchronizedRootGroup;
			path = ../shared/Screenshots;
			sourceTree = "<group>";
		};
		5C0000000000000000000002 /* Screenshot tests */ = {
			isa = PBXFileSystemSynchronizedRootGroup;
			path = ../shared/ScreenshotTests;
			sourceTree = "<group>";
		};
/* End PBXFileSystemSynchronizedRootGroup section */

/* Begin PBXFrameworksBuildPhase section */
		000000000000000130000000 /* Frameworks */ = {
			isa = PBXFrameworksBuildPhase;
			files = (
				4A5350550000000000000001 /* Sparkle in Frameworks */,
				FC8A03212FF3634D00689171 /* ACPKit in Frameworks */,
				FC8A03232FF3634D00689171 /* StreamMarkdown in Frameworks */,
				FCE74E8D2FF368F000B42227 /* CodevisorCore in Frameworks */,
				FCE74E922FF368F000B42227 /* CodevisorCoreMac in Frameworks */,
				FCE74E942FF368F000B42227 /* CodevisorUI in Frameworks */,
				FCE74E8E2FF368F000B42227 /* CodevisorTheming in Frameworks */,
				FCE74E902FF368F000B42227 /* CodeHighlighter in Frameworks */,
				FCE74E962FF368F000B42227 /* Autocomplete in Frameworks */,
			);
		};
		5D0000000000000000000006 /* Frameworks */ = {
			isa = PBXFrameworksBuildPhase;
			files = (
			);
		};
/* End PBXFrameworksBuildPhase section */

/* Begin PBXGroup section */
		000000000000000000000001 = {
			isa = PBXGroup;
			children = (
				5C0000000000000000000001 /* Screenshot fixtures */,
				5C0000000000000000000002 /* Screenshot tests */,
				000000000000000000000010 /* Codevisor */,
				FCE74E8B2FF368F000B42227 /* Frameworks */,
				000000000000000000000020 /* Products */,
			);
			sourceTree = "<group>";
		};
		000000000000000000000020 /* Products */ = {
			isa = PBXGroup;
			children = (
				000000000000000000000120 /* Codevisor.app */,
				5D0000000000000000000001 /* ScreenshotTests.xctest */,
			);
			name = Products;
			sourceTree = "<group>";
		};
		FCE74E8B2FF368F000B42227 /* Frameworks */ = {
			isa = PBXGroup;
			children = (
			);
			name = Frameworks;
			sourceTree = "<group>";
		};
/* End PBXGroup section */

/* Begin PBXNativeTarget section */
		000000000000000100000000 /* Codevisor */ = {
			isa = PBXNativeTarget;
			buildConfigurationList = 000000000000000110000000 /* Build configuration list for PBXNativeTarget "Codevisor" */;
			buildPhases = (
				000000000000000120000000 /* Sources */,
				000000000000000130000000 /* Frameworks */,
				000000000000000140000000 /* Resources */,
				CEF000000000000000000005 /* Install LaunchAgent */,
			);
			buildRules = (
			);
			fileSystemSynchronizedGroups = (
				5C0000000000000000000001 /* Screenshot fixtures */,
				000000000000000000000010 /* Codevisor */,
			);
			name = Codevisor;
			packageProductDependencies = (
				4A5350550000000000000003 /* Sparkle */,
				FC8A03202FF3634D00689171 /* ACPKit */,
				FC8A03222FF3634D00689171 /* StreamMarkdown */,
				FCE74E8C2FF368F000B42227 /* CodevisorCore */,
				FCE74E932FF368F000B42227 /* CodevisorCoreMac */,
				FCE74E952FF368F000B42227 /* CodevisorUI */,
				FCE74E8F2FF368F000B42227 /* CodevisorTheming */,
				FCE74E912FF368F000B42227 /* CodeHighlighter */,
				FCE74E972FF368F000B42227 /* Autocomplete */,
			);
			productName = MyApp;
			productReference = 000000000000000000000120 /* Codevisor.app */;
			productType = "com.apple.product-type.application";
		};
		5D0000000000000000000003 /* ScreenshotTests */ = {
			isa = PBXNativeTarget;
			buildConfigurationList = 5D0000000000000000000004 /* Build configuration list for PBXNativeTarget "ScreenshotTests" */;
			buildPhases = (
				5D0000000000000000000005 /* Sources */,
				5D0000000000000000000006 /* Frameworks */,
			);
			buildRules = (
			);
			dependencies = (
				5D0000000000000000000007 /* PBXTargetDependency */,
			);
			fileSystemSynchronizedGroups = (
				5C0000000000000000000002 /* Screenshot tests */,
			);
			name = ScreenshotTests;
			productName = ScreenshotTests;
			productReference = 5D0000000000000000000001 /* ScreenshotTests.xctest */;
			productType = "com.apple.product-type.bundle.ui-testing";
		};
/* End PBXNativeTarget section */

/* Begin PBXProject section */
		000000000000000000000000 /* Project object */ = {
			isa = PBXProject;
			attributes = {
				BuildIndependentTargetsInParallel = 1;
				LastSwiftUpdateCheck = 2630;
				LastUpgradeCheck = 2700;
				TargetAttributes = {
					000000000000000100000000 = {
						CreatedOnToolsVersion = 26.3;
					};
				};
			};
			buildConfigurationList = 000000000000000010000000 /* Build configuration list for PBXProject "Codevisor" */;
			developmentRegion = en;
			hasScannedForEncodings = 0;
			knownRegions = (
				en,
				Base,
			);
			mainGroup = 000000000000000000000001;
			minimizedProjectReferenceProxies = 1;
			packageReferences = (
				4A5350550000000000000002 /* XCRemoteSwiftPackageReference "Sparkle" */,
				FC8A031D2FF3634D00689171 /* XCLocalSwiftPackageReference "../../packages/swift" */,
			);
			preferredProjectObjectVersion = 90;
			productRefGroup = 000000000000000000000020 /* Products */;
			projectDirPath = "";
			projectRoot = "";
			targets = (
				5D0000000000000000000003 /* ScreenshotTests */,
				000000000000000100000000 /* Codevisor */,
			);
		};
/* End PBXProject section */

/* Begin PBXResourcesBuildPhase section */
		000000000000000140000000 /* Resources */ = {
			isa = PBXResourcesBuildPhase;
			files = (
			);
		};
/* End PBXResourcesBuildPhase section */

/* Begin PBXShellScriptBuildPhase section */
		CEF000000000000000000005 /* Install LaunchAgent */ = {
			isa = PBXShellScriptBuildPhase;
			buildActionMask = 2147483647;
			files = (
			);
			inputPaths = (
				"$(SRCROOT)/Codevisor/LaunchAgents/com.851labs.Codevisor.ServerAgent.plist",
			);
			name = "Install LaunchAgent";
			outputPaths = (
				"$(TARGET_BUILD_DIR)/$(CONTENTS_FOLDER_PATH)/Library/LaunchAgents/com.851labs.Codevisor.ServerAgent.plist",
			);
			runOnlyForDeploymentPostprocessing = 0;
			shellPath = /bin/sh;
			shellScript = "set -eu\nmkdir -p \"${TARGET_BUILD_DIR}/${CONTENTS_FOLDER_PATH}/Library/LaunchAgents\"\ncp \"${SCRIPT_INPUT_FILE_0}\" \"${SCRIPT_OUTPUT_FILE_0}\"\n";
		};
/* End PBXShellScriptBuildPhase section */

/* Begin PBXSourcesBuildPhase section */
		000000000000000120000000 /* Sources */ = {
			isa = PBXSourcesBuildPhase;
			files = (
			);
		};
		5D0000000000000000000005 /* Sources */ = {
			isa = PBXSourcesBuildPhase;
			files = (
			);
		};
/* End PBXSourcesBuildPhase section */

/* Begin XCBuildConfiguration section */
		000000000000000011000000 /* Debug configuration for PBXProject "Codevisor" */ = {
			isa = XCBuildConfiguration;
			buildSettings = {
				ALWAYS_SEARCH_USER_PATHS = NO;
				APPLETVOS_DEPLOYMENT_TARGET = 27.0;
				ASSETCATALOG_COMPILER_GENERATE_SWIFT_ASSET_SYMBOL_EXTENSIONS = YES;
				CLANG_ANALYZER_NONNULL = YES;
				CLANG_ANALYZER_NUMBER_OBJECT_CONVERSION = YES_AGGRESSIVE;
				CLANG_CXX_LANGUAGE_STANDARD = "gnu++20";
				CLANG_ENABLE_MODULES = YES;
				CLANG_ENABLE_OBJC_ARC = YES;
				CLANG_ENABLE_OBJC_WEAK = YES;
				CLANG_WARN_BLOCK_CAPTURE_AUTORELEASING = YES;
				CLANG_WARN_BOOL_CONVERSION = YES;
				CLANG_WARN_COMMA = YES;
				CLANG_WARN_CONSTANT_CONVERSION = YES;
				CLANG_WARN_DEPRECATED_OBJC_IMPLEMENTATIONS = YES;
				CLANG_WARN_DIRECT_OBJC_ISA_USAGE = YES_ERROR;
				CLANG_WARN_DOCUMENTATION_COMMENTS = YES;
				CLANG_WARN_EMPTY_BODY = YES;
				CLANG_WARN_ENUM_CONVERSION = YES;
				CLANG_WARN_INFINITE_RECURSION = YES;
				CLANG_WARN_INT_CONVERSION = YES;
				CLANG_WARN_NON_LITERAL_NULL_CONVERSION = YES;
				CLANG_WARN_OBJC_IMPLICIT_RETAIN_SELF = YES;
				CLANG_WARN_OBJC_LITERAL_CONVERSION = YES;
				CLANG_WARN_OBJC_ROOT_CLASS = YES_ERROR;
				CLANG_WARN_QUOTED_INCLUDE_IN_FRAMEWORK_HEADER = YES;
				CLANG_WARN_RANGE_LOOP_ANALYSIS = YES;
				CLANG_WARN_STRICT_PROTOTYPES = YES;
				CLANG_WARN_SUSPICIOUS_MOVE = YES;
				CLANG_WARN_UNGUARDED_AVAILABILITY = YES_AGGRESSIVE;
				CLANG_WARN_UNREACHABLE_CODE = YES;
				CLANG_WARN__DUPLICATE_METHOD_MATCH = YES;
				COPY_PHASE_STRIP = NO;
				DEAD_CODE_STRIPPING = YES;
				DEBUG_INFORMATION_FORMAT = dwarf;
				DRIVERKIT_DEPLOYMENT_TARGET = 27.0;
				ENABLE_STRICT_OBJC_MSGSEND = YES;
				ENABLE_TESTABILITY = YES;
				ENABLE_USER_SCRIPT_SANDBOXING = YES;
				GCC_C_LANGUAGE_STANDARD = gnu17;
				GCC_DYNAMIC_NO_PIC = NO;
				GCC_NO_COMMON_BLOCKS = YES;
				GCC_OPTIMIZATION_LEVEL = 0;
				GCC_PREPROCESSOR_DEFINITIONS = (
					"DEBUG=1",
					"$(inherited)",
				);
				GCC_WARN_64_TO_32_BIT_CONVERSION = YES;
				GCC_WARN_ABOUT_RETURN_TYPE = YES_ERROR;
				GCC_WARN_UNDECLARED_SELECTOR = YES;
				GCC_WARN_UNINITIALIZED_AUTOS = YES_AGGRESSIVE;
				GCC_WARN_UNUSED_FUNCTION = YES;
				GCC_WARN_UNUSED_VARIABLE = YES;
				IPHONEOS_DEPLOYMENT_TARGET = 27.0;
				LOCALIZATION_PREFERS_STRING_CATALOGS = YES;
				MACOSX_DEPLOYMENT_TARGET = 27.0;
				MTL_ENABLE_DEBUG_INFO = INCLUDE_SOURCE;
				MTL_FAST_MATH = YES;
				ONLY_ACTIVE_ARCH = YES;
				PROJECT_UNIQUE_VALUE = FNVLCVSA;
				STRING_CATALOG_GENERATE_SYMBOLS = YES;
				SWIFT_ACTIVE_COMPILATION_CONDITIONS = "DEBUG $(inherited)";
				SWIFT_OPTIMIZATION_LEVEL = "-Onone";
				WATCHOS_DEPLOYMENT_TARGET = 27.0;
				XROS_DEPLOYMENT_TARGET = 27.0;
			};
			name = Debug;
		};
		000000000000000012000000 /* Release configuration for PBXProject "Codevisor" */ = {
			isa = XCBuildConfiguration;
			buildSettings = {
				ALWAYS_SEARCH_USER_PATHS = NO;
				APPLETVOS_DEPLOYMENT_TARGET = 27.0;
				ASSETCATALOG_COMPILER_GENERATE_SWIFT_ASSET_SYMBOL_EXTENSIONS = YES;
				CLANG_ANALYZER_NONNULL = YES;
				CLANG_ANALYZER_NUMBER_OBJECT_CONVERSION = YES_AGGRESSIVE;
				CLANG_CXX_LANGUAGE_STANDARD = "gnu++20";
				CLANG_ENABLE_MODULES = YES;
				CLANG_ENABLE_OBJC_ARC = YES;
				CLANG_ENABLE_OBJC_WEAK = YES;
				CLANG_WARN_BLOCK_CAPTURE_AUTORELEASING = YES;
				CLANG_WARN_BOOL_CONVERSION = YES;
				CLANG_WARN_COMMA = YES;
				CLANG_WARN_CONSTANT_CONVERSION = YES;
				CLANG_WARN_DEPRECATED_OBJC_IMPLEMENTATIONS = YES;
				CLANG_WARN_DIRECT_OBJC_ISA_USAGE = YES_ERROR;
				CLANG_WARN_DOCUMENTATION_COMMENTS = YES;
				CLANG_WARN_EMPTY_BODY = YES;
				CLANG_WARN_ENUM_CONVERSION = YES;
				CLANG_WARN_INFINITE_RECURSION = YES;
				CLANG_WARN_INT_CONVERSION = YES;
				CLANG_WARN_NON_LITERAL_NULL_CONVERSION = YES;
				CLANG_WARN_OBJC_IMPLICIT_RETAIN_SELF = YES;
				CLANG_WARN_OBJC_LITERAL_CONVERSION = YES;
				CLANG_WARN_OBJC_ROOT_CLASS = YES_ERROR;
				CLANG_WARN_QUOTED_INCLUDE_IN_FRAMEWORK_HEADER = YES;
				CLANG_WARN_RANGE_LOOP_ANALYSIS = YES;
				CLANG_WARN_STRICT_PROTOTYPES = YES;
				CLANG_WARN_SUSPICIOUS_MOVE = YES;
				CLANG_WARN_UNGUARDED_AVAILABILITY = YES_AGGRESSIVE;
				CLANG_WARN_UNREACHABLE_CODE = YES;
				CLANG_WARN__DUPLICATE_METHOD_MATCH = YES;
				COPY_PHASE_STRIP = NO;
				DEAD_CODE_STRIPPING = YES;
				DEBUG_INFORMATION_FORMAT = "dwarf-with-dsym";
				DRIVERKIT_DEPLOYMENT_TARGET = 27.0;
				ENABLE_NS_ASSERTIONS = NO;
				ENABLE_STRICT_OBJC_MSGSEND = YES;
				ENABLE_USER_SCRIPT_SANDBOXING = YES;
				GCC_C_LANGUAGE_STANDARD = gnu17;
				GCC_NO_COMMON_BLOCKS = YES;
				GCC_WARN_64_TO_32_BIT_CONVERSION = YES;
				GCC_WARN_ABOUT_RETURN_TYPE = YES_ERROR;
				GCC_WARN_UNDECLARED_SELECTOR = YES;
				GCC_WARN_UNINITIALIZED_AUTOS = YES_AGGRESSIVE;
				GCC_WARN_UNUSED_FUNCTION = YES;
				GCC_WARN_UNUSED_VARIABLE = YES;
				IPHONEOS_DEPLOYMENT_TARGET = 27.0;
				LOCALIZATION_PREFERS_STRING_CATALOGS = YES;
				MACOSX_DEPLOYMENT_TARGET = 27.0;
				MTL_ENABLE_DEBUG_INFO = NO;
				MTL_FAST_MATH = YES;
				PROJECT_UNIQUE_VALUE = FNVLCVSA;
				STRING_CATALOG_GENERATE_SYMBOLS = YES;
				SWIFT_COMPILATION_MODE = wholemodule;
				WATCHOS_DEPLOYMENT_TARGET = 27.0;
				XROS_DEPLOYMENT_TARGET = 27.0;
			};
			name = Release;
		};
		000000000000000111000000 /* Debug configuration for PBXNativeTarget "Codevisor" */ = {
			isa = XCBuildConfiguration;
			buildSettings = {
				ASSETCATALOG_COMPILER_APPICON_NAME = "$(CODEVISOR_APP_ICON_NAME)";
				CODEVISOR_APP_ICON_NAME = AppIconDev;
				CODE_SIGN_STYLE = Automatic;
				CODEVISOR_POSTHOG_HOST = "https://us.i.posthog.com";
				CODEVISOR_POSTHOG_PROJECT_TOKEN = phc_Bjioc2MPX8qEqgnZdfuboi4Uu268kCE3pJSkMfSJtDwi;
				CODEVISOR_SENTRY_DSN = "https://c293cd825b1545aa663f20c21a7b9d66@o4506921350070272.ingest.us.sentry.io/4511781287231488";
				CURRENT_PROJECT_VERSION = 1;
				ENABLE_APP_SANDBOX = NO;
				ENABLE_PREVIEWS = YES;
				ENABLE_USER_SELECTED_FILES = readonly;
				GENERATE_INFOPLIST_FILE = YES;
				INFOPLIST_FILE = Info.plist;
				CODEVISOR_DEV_BUNDLE_IDENTIFIER = com.851labs.Codevisor.Development;
				CODEVISOR_URL_SCHEME = "codevisor-dev";
				CODEVISOR_DEV_DISPLAY_NAME = "Helio Dev";
				CODEVISOR_DEV_PRODUCT_NAME = "Helio Dev";
				INFOPLIST_KEY_CFBundleDisplayName = "$(CODEVISOR_DEV_DISPLAY_NAME)";
				INFOPLIST_KEY_CFBundleName = "$(CODEVISOR_DEV_DISPLAY_NAME)";
				INFOPLIST_KEY_CFBundleIconFile = AppIconDev;
				INFOPLIST_KEY_CFBundleIconName = AppIconDev;
				"INFOPLIST_KEY_UIApplicationSceneManifest_Generation[sdk=iphoneos*]" = YES;
				"INFOPLIST_KEY_UIApplicationSceneManifest_Generation[sdk=iphonesimulator*]" = YES;
				"INFOPLIST_KEY_UIApplicationSupportsIndirectInputEvents[sdk=iphoneos*]" = YES;
				"INFOPLIST_KEY_UIApplicationSupportsIndirectInputEvents[sdk=iphonesimulator*]" = YES;
				"INFOPLIST_KEY_UILaunchScreen_Generation[sdk=iphoneos*]" = YES;
				"INFOPLIST_KEY_UILaunchScreen_Generation[sdk=iphonesimulator*]" = YES;
				"INFOPLIST_KEY_UIStatusBarStyle[sdk=iphoneos*]" = UIStatusBarStyleDefault;
				"INFOPLIST_KEY_UIStatusBarStyle[sdk=iphonesimulator*]" = UIStatusBarStyleDefault;
				INFOPLIST_KEY_UISupportedInterfaceOrientations_iPad = "UIInterfaceOrientationPortrait UIInterfaceOrientationPortraitUpsideDown UIInterfaceOrientationLandscapeLeft UIInterfaceOrientationLandscapeRight";
				INFOPLIST_KEY_UISupportedInterfaceOrientations_iPhone = "UIInterfaceOrientationPortrait UIInterfaceOrientationLandscapeLeft UIInterfaceOrientationLandscapeRight";
				LD_RUNPATH_SEARCH_PATHS = "@executable_path/Frameworks";
				"LD_RUNPATH_SEARCH_PATHS[sdk=macosx*]" = "@executable_path/../Frameworks";
				MACOSX_DEPLOYMENT_TARGET = 26.0;
				MARKETING_VERSION = 1.0;
				ENABLE_USER_SCRIPT_SANDBOXING = NO;
				CODEVISOR_GHOSTTY_LIBRARY = "$(SRCROOT)/Frameworks/GhosttyKit.xcframework/macos-arm64_x86_64/ghostty-internal.a";
				OTHER_LDFLAGS = (
					"-force_load",
					"$(CODEVISOR_GHOSTTY_LIBRARY)",
					"-lc++",
					"-framework",
					Metal,
					"-framework",
					MetalKit,
					"-framework",
					QuartzCore,
					"-framework",
					CoreText,
					"-framework",
					CoreGraphics,
					"-framework",
					CoreVideo,
					"-framework",
					IOSurface,
					"-framework",
					IOKit,
					"-framework",
					Carbon,
					"-framework",
					AppKit,
					"-framework",
					Foundation,
					"-framework",
					CoreFoundation,
					"-framework",
					Security,
					"-framework",
					ApplicationServices,
					"-framework",
					AudioToolbox,
					"-framework",
					UniformTypeIdentifiers,
					"-framework",
					GameController,
					"-framework",
					Combine,
				);
				PRODUCT_BUNDLE_IDENTIFIER = "$(CODEVISOR_DEV_BUNDLE_IDENTIFIER)";
				PRODUCT_MODULE_NAME = Codevisor_Dev;
				PRODUCT_NAME = "$(CODEVISOR_DEV_PRODUCT_NAME)";
				REGISTER_APP_GROUPS = YES;
				SDKROOT = macosx;
				STRING_CATALOG_GENERATE_SYMBOLS = YES;
				SUPPORTED_PLATFORMS = macosx;
				SWIFT_APPROACHABLE_CONCURRENCY = YES;
				SWIFT_DEFAULT_ACTOR_ISOLATION = MainActor;
				SWIFT_EMIT_LOC_STRINGS = YES;
				SWIFT_INCLUDE_PATHS = "$(SRCROOT)/Frameworks/GhosttyKit.xcframework/macos-arm64_x86_64/Headers";
				SWIFT_UPCOMING_FEATURE_MEMBER_IMPORT_VISIBILITY = YES;
				SWIFT_VERSION = 5.0;
				TARGETED_DEVICE_FAMILY = "1,2,7";
			};
			name = Debug;
		};
		000000000000000112000000 /* Release configuration for PBXNativeTarget "Codevisor" */ = {
			isa = XCBuildConfiguration;
			buildSettings = {
				ASSETCATALOG_COMPILER_APPICON_NAME = AppIcon;
				CODE_SIGN_STYLE = Automatic;
				CODEVISOR_POSTHOG_HOST = "https://us.i.posthog.com";
				CODEVISOR_POSTHOG_PROJECT_TOKEN = phc_Bjioc2MPX8qEqgnZdfuboi4Uu268kCE3pJSkMfSJtDwi;
				CODEVISOR_SENTRY_DSN = "https://c293cd825b1545aa663f20c21a7b9d66@o4506921350070272.ingest.us.sentry.io/4511781287231488";
				CURRENT_PROJECT_VERSION = 1;
				ENABLE_APP_SANDBOX = NO;
				ENABLE_PREVIEWS = YES;
				ENABLE_USER_SELECTED_FILES = readonly;
				GENERATE_INFOPLIST_FILE = YES;
				INFOPLIST_FILE = Info.plist;
				CODEVISOR_URL_SCHEME = codevisor;
				INFOPLIST_KEY_CFBundleDisplayName = Helio;
				INFOPLIST_KEY_CFBundleName = Helio;
				INFOPLIST_KEY_CFBundleIconFile = AppIcon;
				INFOPLIST_KEY_CFBundleIconName = AppIcon;
				"INFOPLIST_KEY_UIApplicationSceneManifest_Generation[sdk=iphoneos*]" = YES;
				"INFOPLIST_KEY_UIApplicationSceneManifest_Generation[sdk=iphonesimulator*]" = YES;
				"INFOPLIST_KEY_UIApplicationSupportsIndirectInputEvents[sdk=iphoneos*]" = YES;
				"INFOPLIST_KEY_UIApplicationSupportsIndirectInputEvents[sdk=iphonesimulator*]" = YES;
				"INFOPLIST_KEY_UILaunchScreen_Generation[sdk=iphoneos*]" = YES;
				"INFOPLIST_KEY_UILaunchScreen_Generation[sdk=iphonesimulator*]" = YES;
				"INFOPLIST_KEY_UIStatusBarStyle[sdk=iphoneos*]" = UIStatusBarStyleDefault;
				"INFOPLIST_KEY_UIStatusBarStyle[sdk=iphonesimulator*]" = UIStatusBarStyleDefault;
				INFOPLIST_KEY_UISupportedInterfaceOrientations_iPad = "UIInterfaceOrientationPortrait UIInterfaceOrientationPortraitUpsideDown UIInterfaceOrientationLandscapeLeft UIInterfaceOrientationLandscapeRight";
				INFOPLIST_KEY_UISupportedInterfaceOrientations_iPhone = "UIInterfaceOrientationPortrait UIInterfaceOrientationLandscapeLeft UIInterfaceOrientationLandscapeRight";
				LD_RUNPATH_SEARCH_PATHS = "@executable_path/Frameworks";
				"LD_RUNPATH_SEARCH_PATHS[sdk=macosx*]" = "@executable_path/../Frameworks";
				MACOSX_DEPLOYMENT_TARGET = 26.0;
				MARKETING_VERSION = 1.0;
				ENABLE_USER_SCRIPT_SANDBOXING = NO;
				CODEVISOR_GHOSTTY_LIBRARY = "$(SRCROOT)/Frameworks/GhosttyKit.xcframework/macos-arm64_x86_64/ghostty-internal.a";
				OTHER_LDFLAGS = (
					"-force_load",
					"$(CODEVISOR_GHOSTTY_LIBRARY)",
					"-lc++",
					"-framework",
					Metal,
					"-framework",
					MetalKit,
					"-framework",
					QuartzCore,
					"-framework",
					CoreText,
					"-framework",
					CoreGraphics,
					"-framework",
					CoreVideo,
					"-framework",
					IOSurface,
					"-framework",
					IOKit,
					"-framework",
					Carbon,
					"-framework",
					AppKit,
					"-framework",
					Foundation,
					"-framework",
					CoreFoundation,
					"-framework",
					Security,
					"-framework",
					ApplicationServices,
					"-framework",
					AudioToolbox,
					"-framework",
					UniformTypeIdentifiers,
					"-framework",
					GameController,
					"-framework",
					Combine,
				);
				// Keep the shipping identity stable so HerdMan installs update in place.
				PRODUCT_BUNDLE_IDENTIFIER = com.851labs.HerdMan;
				PRODUCT_NAME = Helio;
				REGISTER_APP_GROUPS = YES;
				SDKROOT = macosx;
				STRING_CATALOG_GENERATE_SYMBOLS = YES;
				SUPPORTED_PLATFORMS = macosx;
				SWIFT_APPROACHABLE_CONCURRENCY = YES;
				SWIFT_DEFAULT_ACTOR_ISOLATION = MainActor;
				SWIFT_EMIT_LOC_STRINGS = YES;
				SWIFT_INCLUDE_PATHS = "$(SRCROOT)/Frameworks/GhosttyKit.xcframework/macos-arm64_x86_64/Headers";
				SWIFT_UPCOMING_FEATURE_MEMBER_IMPORT_VISIBILITY = YES;
				SWIFT_VERSION = 5.0;
				TARGETED_DEVICE_FAMILY = "1,2,7";
			};
			name = Release;
		};
		5D0000000000000000000009 /* Debug configuration for PBXNativeTarget "ScreenshotTests" */ = {
			isa = XCBuildConfiguration;
			buildSettings = {
				CODEVISOR_DEV_BUNDLE_IDENTIFIER = com.851labs.Codevisor.Development;
				CODE_SIGN_STYLE = Automatic;
				GENERATE_INFOPLIST_FILE = YES;
				MACOSX_DEPLOYMENT_TARGET = 26.0;
				PRODUCT_BUNDLE_IDENTIFIER = "$(CODEVISOR_DEV_BUNDLE_IDENTIFIER).screenshot-tests";
				PRODUCT_NAME = "$(TARGET_NAME)";
				SDKROOT = macosx;
				SUPPORTED_PLATFORMS = macosx;
				SWIFT_VERSION = 6.0;
				CODE_SIGN_IDENTITY = "-";
				TEST_TARGET_NAME = Codevisor;
			};
			name = Debug;
		};
		5D0000000000000000000010 /* Release configuration for PBXNativeTarget "ScreenshotTests" */ = {
			isa = XCBuildConfiguration;
			buildSettings = {
				CODEVISOR_DEV_BUNDLE_IDENTIFIER = com.851labs.Codevisor.Development;
				CODE_SIGN_STYLE = Automatic;
				GENERATE_INFOPLIST_FILE = YES;
				MACOSX_DEPLOYMENT_TARGET = 26.0;
				PRODUCT_BUNDLE_IDENTIFIER = "$(CODEVISOR_DEV_BUNDLE_IDENTIFIER).screenshot-tests";
				PRODUCT_NAME = "$(TARGET_NAME)";
				SDKROOT = macosx;
				SUPPORTED_PLATFORMS = macosx;
				SWIFT_VERSION = 6.0;
				CODE_SIGN_IDENTITY = "-";
				TEST_TARGET_NAME = Codevisor;
			};
			name = Release;
		};
/* End XCBuildConfiguration section */

/* Begin XCConfigurationList section */
		000000000000000010000000 /* Build configuration list for PBXProject "Codevisor" */ = {
			isa = XCConfigurationList;
			buildConfigurations = (
				000000000000000011000000 /* Debug configuration for PBXProject "Codevisor" */,
				000000000000000012000000 /* Release configuration for PBXProject "Codevisor" */,
			);
			defaultConfigurationName = Release;
		};
		000000000000000110000000 /* Build configuration list for PBXNativeTarget "Codevisor" */ = {
			isa = XCConfigurationList;
			buildConfigurations = (
				000000000000000111000000 /* Debug configuration for PBXNativeTarget "Codevisor" */,
				000000000000000112000000 /* Release configuration for PBXNativeTarget "Codevisor" */,
			);
			defaultConfigurationName = Release;
		};
		5D0000000000000000000004 /* Build configuration list for PBXNativeTarget "ScreenshotTests" */ = {
			isa = XCConfigurationList;
			buildConfigurations = (
				5D0000000000000000000009 /* Debug configuration for PBXNativeTarget "ScreenshotTests" */,
				5D0000000000000000000010 /* Release configuration for PBXNativeTarget "ScreenshotTests" */,
			);
			defaultConfigurationName = Release;
		};
/* End XCConfigurationList section */

/* Begin XCLocalSwiftPackageReference section */
		FC8A031D2FF3634D00689171 /* XCLocalSwiftPackageReference "../../packages/swift" */ = {
			isa = XCLocalSwiftPackageReference;
			relativePath = ../../packages/swift;
		};
/* End XCLocalSwiftPackageReference section */

/* Begin XCRemoteSwiftPackageReference section */
		4A5350550000000000000002 /* XCRemoteSwiftPackageReference "Sparkle" */ = {
			isa = XCRemoteSwiftPackageReference;
			repositoryURL = "https://github.com/sparkle-project/Sparkle.git";
			requirement = {
				kind = exactVersion;
				version = 2.9.3;
			};
		};
/* End XCRemoteSwiftPackageReference section */

/* Begin XCSwiftPackageProductDependency section */
		4A5350550000000000000003 /* Sparkle */ = {
			isa = XCSwiftPackageProductDependency;
			package = 4A5350550000000000000002 /* XCRemoteSwiftPackageReference "Sparkle" */;
			productName = Sparkle;
		};
		FC8A03202FF3634D00689171 /* ACPKit */ = {
			isa = XCSwiftPackageProductDependency;
			productName = ACPKit;
		};
		FC8A03222FF3634D00689171 /* StreamMarkdown */ = {
			isa = XCSwiftPackageProductDependency;
			productName = StreamMarkdown;
		};
		FCE74E8F2FF368F000B42227 /* CodevisorTheming */ = {
			isa = XCSwiftPackageProductDependency;
			productName = CodevisorTheming;
		};
		FCE74E912FF368F000B42227 /* CodeHighlighter */ = {
			isa = XCSwiftPackageProductDependency;
			productName = CodeHighlighter;
		};
		FCE74E8C2FF368F000B42227 /* CodevisorCore */ = {
			isa = XCSwiftPackageProductDependency;
			package = FC8A031D2FF3634D00689171 /* XCLocalSwiftPackageReference "../../packages/swift" */;
			productName = CodevisorCore;
		};
		FCE74E932FF368F000B42227 /* CodevisorCoreMac */ = {
			isa = XCSwiftPackageProductDependency;
			package = FC8A031D2FF3634D00689171 /* XCLocalSwiftPackageReference "../../packages/swift" */;
			productName = CodevisorCoreMac;
		};
		FCE74E952FF368F000B42227 /* CodevisorUI */ = {
			isa = XCSwiftPackageProductDependency;
			package = FC8A031D2FF3634D00689171 /* XCLocalSwiftPackageReference "../../packages/swift" */;
			productName = CodevisorUI;
		};
		FCE74E972FF368F000B42227 /* Autocomplete */ = {
			isa = XCSwiftPackageProductDependency;
			package = FC8A031D2FF3634D00689171 /* XCLocalSwiftPackageReference "../../packages/swift" */;
			productName = Autocomplete;
		};
/* End XCSwiftPackageProductDependency section */
	};
	rootObject = 000000000000000000000000 /* Project object */;
}
